
Microsoft Visual Studio Solution File, Format Version 12.00
# Visual Studio Version 16
VisualStudioVersion = 16.0.34301.259
MinimumVisualStudioVersion = 10.0.40219.1
Project("{FAE04EC0-301F-11D3-BF4B-00C04F79EFBC}") = "Task6.Catalog", "Task6.Catalog\Task6.Catalog.csproj", "{0295A390-E26A-4FCC-B966-3FD07033F2AD}"
EndProject
Global
	GlobalSection(SolutionConfigurationPlatforms) = preSolution
		Debug|Any CPU = Debug|Any CPU
		Release|Any CPU = Release|Any CPU
	EndGlobalSection
	GlobalSection(ProjectConfigurationPlatforms) = postSolution
		{0295A390-E26A-4FCC-B966-3FD07033F2AD}.Debug|Any CPU.ActiveCfg = Debug|Any CPU
		{0295A390-E26A-4FCC-B966-3FD07033F2AD}.Debug|Any CPU.Build.0 = Debug|Any CPU
		{0295A390-E26A-4FCC-B966-3FD07033F2AD}.Release|Any CPU.ActiveCfg = Release|Any CPU
		{0295A390-E26A-4FCC-B966-3FD07033F2AD}.Release|Any CPU.Build.0 = Release|Any CPU
	EndGlobalSection
	GlobalSection(SolutionProperties) = preSolution
		HideSolutionNode = FALSE
	EndGlobalSection
	GlobalSection(ExtensibilityGlobals) = postSolution
		SolutionGuid = {775858E7-B51A-4A0F-8FEC-9D04E5633205}
	EndGlobalSection
EndGlobal
